
Microsoft Visual Studio Solution File, Format Version 12.00
# Visual Studio Version 16
VisualStudioVersion = 16.0.31702.278
MinimumVisualStudioVersion = 10.0.40219.1
Project("{FAE04EC0-301F-11D3-BF4B-00C04F79EFBC}") = "Prodavnica", "Prodavnica.csproj", "{ED0C81AC-C8F9-4E98-920A-978899C50E62}"
EndProject
Global
	GlobalSection(SolutionConfigurationPlatforms) = preSolution
		Debug|Any CPU = Debug|Any CPU
		Release|Any CPU = Release|Any CPU
	EndGlobalSection
	GlobalSection(ProjectConfigurationPlatforms) = postSolution
		{ED0C81AC-C8F9-4E98-920A-978899C50E62}.Debug|Any CPU.ActiveCfg = Debug|Any CPU
		{ED0C81AC-C8F9-4E98-920A-978899C50E62}.Debug|Any CPU.Build.0 = Debug|Any CPU
		{ED0C81AC-C8F9-4E98-920A-978899C50E62}.Release|Any CPU.ActiveCfg = Release|Any CPU
		{ED0C81AC-C8F9-4E98-920A-978899C50E62}.Release|Any CPU.Build.0 = Release|Any CPU
	EndGlobalSection
	GlobalSection(SolutionProperties) = preSolution
		HideSolutionNode = FALSE
	EndGlobalSection
	GlobalSection(ExtensibilityGlobals) = postSolution
		SolutionGuid = {A35F4158-C8A3-461A-BBCD-D1C40E133364}
	EndGlobalSection
EndGlobal
